// !$*UTF8*$!
{
	archiveVersion = 1;
	classes = {
	};
	objectVersion = 56;
	objects = {

/* Begin PBXBuildFile section */
		7D04A352293515A1006F4E01 /* Connectivity.swift in Sources */ = {isa = PBXBuildFile; fileRef = 7D04A351293515A1006F4E01 /* Connectivity.swift */; };
		7D071E3A296C06AD00656187 /* WelcomeView.swift in Sources */ = {isa = PBXBuildFile; fileRef = 7D071E39296C06AD00656187 /* WelcomeView.swift */; };
		7D0E0B9428E446FA0044E481 /* HomeView.swift in Sources */ = {isa = PBXBuildFile; fileRef = 7D0E0B9328E446FA0044E481 /* HomeView.swift */; };
		7D0E0B9628E44F200044E481 /* ProgressBar.swift in Sources */ = {isa = PBXBuildFile; fileRef = 7D0E0B9528E44F200044E481 /* ProgressBar.swift */; };
		7D1C48A3295B177800655B9E /* AnswerView.swift in Sources */ = {isa = PBXBuildFile; fileRef = 7D1C48A2295B177800655B9E /* AnswerView.swift */; };
		7D1E12F52971513100F92ECF /* Player.swift in Sources */ = {isa = PBXBuildFile; fileRef = 7D1E12F42971513100F92ECF /* Player.swift */; };
		7D6F1A0029290E4300CDC9FB /* NetworkClerk.swift in Sources */ = {isa = PBXBuildFile; fileRef = 7D6F19FF29290E4300CDC9FB /* NetworkClerk.swift */; };
		7D6F1A042929126300CDC9FB /* ServerData.swift in Sources */ = {isa = PBXBuildFile; fileRef = 7D6F1A032929126300CDC9FB /* ServerData.swift */; };
		7D6F1A062929139D00CDC9FB /* ModelInterface.swift in Sources */ = {isa = PBXBuildFile; fileRef = 7D6F1A052929139D00CDC9FB /* ModelInterface.swift */; };
		7D76723F2961BE4C00A6BA54 /* ResultView.swift in Sources */ = {isa = PBXBuildFile; fileRef = 7D76723E2961BE4C00A6BA54 /* ResultView.swift */; };
		7DBF148F28E47BD0002F1F47 /* Question.swift in Sources */ = {isa = PBXBuildFile; fileRef = 7DBF148E28E47BD0002F1F47 /* Question.swift */; };
		7DBF149128E4838D002F1F47 /* QuestionVM.swift in Sources */ = {isa = PBXBuildFile; fileRef = 7DBF149028E4838D002F1F47 /* QuestionVM.swift */; };
		7DD7C10028F5835000E0814A /* PeerCollectionView.swift in Sources */ = {isa = PBXBuildFile; fileRef = 7DD7C0FF28F5835000E0814A /* PeerCollectionView.swift */; };
		7DE0ABB928E8DD18008D2146 /* PersonalData.swift in Sources */ = {isa = PBXBuildFile; fileRef = 7DE0ABB828E8DD18008D2146 /* PersonalData.swift */; };
		7DE35A9628E1D8FF00461C4C /* QuizNETApp.swift in Sources */ = {isa = PBXBuildFile; fileRef = 7DE35A9528E1D8FF00461C4C /* QuizNETApp.swift */; };
		7DE35A9828E1D8FF00461C4C /* ContentView.swift in Sources */ = {isa = PBXBuildFile; fileRef = 7DE35A9728E1D8FF00461C4C /* ContentView.swift */; };
		7DE35A9A28E1D90000461C4C /* Assets.xcassets in Resources */ = {isa = PBXBuildFile; fileRef = 7DE35A9928E1D90000461C4C /* Assets.xcassets */; };
		7DE35A9D28E1D90000461C4C /* Preview Assets.xcassets in Resources */ = {isa = PBXBuildFile; fileRef = 7DE35A9C28E1D90000461C4C /* Preview Assets.xcassets */; };
		7DE35AA528E1E36D00461C4C /* QuestionView.swift in Sources */ = {isa = PBXBuildFile; fileRef = 7DE35AA428E1E36D00461C4C /* QuestionView.swift */; };
		7DE35AAA28E1E66100461C4C /* Extensions.swift in Sources */ = {isa = PBXBuildFile; fileRef = 7DE35AA928E1E66100461C4C /* Extensions.swift */; };
/* End PBXBuildFile section */

/* Begin PBXFileReference section */
		7D04A351293515A1006F4E01 /* Connectivity.swift */ = {isa = PBXFileReference; lastKnownFileType = sourcecode.swift; path = Connectivity.swift; sourceTree = "<group>"; };
		7D071E39296C06AD00656187 /* WelcomeView.swift */ = {isa = PBXFileReference; lastKnownFileType = sourcecode.swift; path = WelcomeView.swift; sourceTree = "<group>"; };
		7D0E0B9328E446FA0044E481 /* HomeView.swift */ = {isa = PBXFileReference; lastKnownFileType = sourcecode.swift; path = HomeView.swift; sourceTree = "<group>"; };
		7D0E0B9528E44F200044E481 /* ProgressBar.swift */ = {isa = PBXFileReference; lastKnownFileType = sourcecode.swift; path = ProgressBar.swift; sourceTree = "<group>"; };
		7D1C48A2295B177800655B9E /* AnswerView.swift */ = {isa = PBXFileReference; lastKnownFileType = sourcecode.swift; path = AnswerView.swift; sourceTree = "<group>"; };
		7D1E12F42971513100F92ECF /* Player.swift */ = {isa = PBXFileReference; lastKnownFileType = sourcecode.swift; path = Player.swift; sourceTree = "<group>"; };
		7D1E12FA29718BE600F92ECF /* Info.plist */ = {isa = PBXFileReference; lastKnownFileType = text.plist; path = Info.plist; sourceTree = "<group>"; };
		7D6F19FF29290E4300CDC9FB /* NetworkClerk.swift */ = {isa = PBXFileReference; lastKnownFileType = sourcecode.swift; path = NetworkClerk.swift; sourceTree = "<group>"; };
		7D6F1A032929126300CDC9FB /* ServerData.swift */ = {isa = PBXFileReference; lastKnownFileType = sourcecode.swift; path = ServerData.swift; sourceTree = "<group>"; };
		7D6F1A052929139D00CDC9FB /* ModelInterface.swift */ = {isa = PBXFileReference; lastKnownFileType = sourcecode.swift; path = ModelInterface.swift; sourceTree = "<group>"; };
		7D76723E2961BE4C00A6BA54 /* ResultView.swift */ = {isa = PBXFileReference; lastKnownFileType = sourcecode.swift; path = ResultView.swift; sourceTree = "<group>"; };
		7DBF148E28E47BD0002F1F47 /* Question.swift */ = {isa = PBXFileReference; lastKnownFileType = sourcecode.swift; path = Question.swift; sourceTree = "<group>"; };
		7DBF149028E4838D002F1F47 /* QuestionVM.swift */ = {isa = PBXFileReference; lastKnownFileType = sourcecode.swift; path = QuestionVM.swift; sourceTree = "<group>"; };
		7DD7C0FF28F5835000E0814A /* PeerCollectionView.swift */ = {isa = PBXFileReference; lastKnownFileType = sourcecode.swift; path = PeerCollectionView.swift; sourceTree = "<group>"; };
		7DE0ABB828E8DD18008D2146 /* PersonalData.swift */ = {isa = PBXFileReference; lastKnownFileType = sourcecode.swift; path = PersonalData.swift; sourceTree = "<group>"; };
		7DE35A9228E1D8FF00461C4C /* GameDemo.app */ = {isa = PBXFileReference; explicitFileType = wrapper.application; includeInIndex = 0; path = GameDemo.app; sourceTree = BUILT_PRODUCTS_DIR; };
		7DE35A9528E1D8FF00461C4C /* QuizNETApp.swift */ = {isa = PBXFileReference; lastKnownFileType = sourcecode.swift; path = QuizNETApp.swift; sourceTree = "<group>"; };
		7DE35A9728E1D8FF00461C4C /* ContentView.swift */ = {isa = PBXFileReference; lastKnownFileType = sourcecode.swift; path = ContentView.swift; sourceTree = "<group>"; };
		7DE35A9928E1D90000461C4C /* Assets.xcassets */ = {isa = PBXFileReference; lastKnownFileType = folder.assetcatalog; path = Assets.xcassets; sourceTree = "<group>"; };
		7DE35A9C28E1D90000461C4C /* Preview Assets.xcassets */ = {isa = PBXFileReference; lastKnownFileType = folder.assetcatalog; path = "Preview Assets.xcassets"; sourceTree = "<group>"; };
		7DE35AA428E1E36D00461C4C /* QuestionView.swift */ = {isa = PBXFileReference; lastKnownFileType = sourcecode.swift; path = QuestionView.swift; sourceTree = "<group>"; };
		7DE35AA928E1E66100461C4C /* Extensions.swift */ = {isa = PBXFileReference; lastKnownFileType = sourcecode.swift; path = Extensions.swift; sourceTree = "<group>"; };
/* End PBXFileReference section */

/* Begin PBXFrameworksBuildPhase section */
		7DE35A8F28E1D8FF00461C4C /* Frameworks */ = {
			isa = PBXFrameworksBuildPhase;
			buildActionMask = 2147483647;
			files = (
			);
			runOnlyForDeploymentPostprocessing = 0;
		};
/* End PBXFrameworksBuildPhase section */

/* Begin PBXGroup section */
		7D6F19FE29290E2900CDC9FB /* Server */ = {
			isa = PBXGroup;
			children = (
				7D6F19FF29290E4300CDC9FB /* NetworkClerk.swift */,
			);
			path = Server;
			sourceTree = "<group>";
		};
		7D6F1A01292911E400CDC9FB /* ServerModel */ = {
			isa = PBXGroup;
			children = (
				7D6F1A032929126300CDC9FB /* ServerData.swift */,
			);
			path = ServerModel;
			sourceTree = "<group>";
		};
		7D6F1A02292911ED00CDC9FB /* ApplicationModel */ = {
			isa = PBXGroup;
			children = (
				7D6F1A052929139D00CDC9FB /* ModelInterface.swift */,
				7D6F1A09292913C500CDC9FB /* Models */,
			);
			path = ApplicationModel;
			sourceTree = "<group>";
		};
		7D6F1A09292913C500CDC9FB /* Models */ = {
			isa = PBXGroup;
			children = (
				7DBF148E28E47BD0002F1F47 /* Question.swift */,
				7D1E12F42971513100F92ECF /* Player.swift */,
			);
			path = Models;
			sourceTree = "<group>";
		};
		7DE35A8928E1D8FF00461C4C = {
			isa = PBXGroup;
			children = (
				7DE35A9428E1D8FF00461C4C /* QuizNET */,
				7DE35A9328E1D8FF00461C4C /* Products */,
			);
			sourceTree = "<group>";
		};
		7DE35A9328E1D8FF00461C4C /* Products */ = {
			isa = PBXGroup;
			children = (
				7DE35A9228E1D8FF00461C4C /* GameDemo.app */,
			);
			name = Products;
			sourceTree = "<group>";
		};
		7DE35A9428E1D8FF00461C4C /* QuizNET */ = {
			isa = PBXGroup;
			children = (
				7D6F19FE29290E2900CDC9FB /* Server */,
				7DE35AA828E1E63700461C4C /* Components */,
				7DE35AA728E1E60B00461C4C /* ViewModel */,
				7DE35AA628E1E5FF00461C4C /* Models */,
				7DE35AA328E1E2FF00461C4C /* Views */,
				7DE35A9528E1D8FF00461C4C /* QuizNETApp.swift */,
				7DE35A9928E1D90000461C4C /* Assets.xcassets */,
				7D1E12FA29718BE600F92ECF /* Info.plist */,
				7DE35A9B28E1D90000461C4C /* Preview Content */,
			);
			path = QuizNET;
			sourceTree = "<group>";
		};
		7DE35A9B28E1D90000461C4C /* Preview Content */ = {
			isa = PBXGroup;
			children = (
				7DE35A9C28E1D90000461C4C /* Preview Assets.xcassets */,
			);
			path = "Preview Content";
			sourceTree = "<group>";
		};
		7DE35AA328E1E2FF00461C4C /* Views */ = {
			isa = PBXGroup;
			children = (
				7DE35A9728E1D8FF00461C4C /* ContentView.swift */,
				7DE35AA428E1E36D00461C4C /* QuestionView.swift */,
				7D0E0B9328E446FA0044E481 /* HomeView.swift */,
				7D0E0B9528E44F200044E481 /* ProgressBar.swift */,
				7DE0ABB828E8DD18008D2146 /* PersonalData.swift */,
				7DD7C0FF28F5835000E0814A /* PeerCollectionView.swift */,
				7D1C48A2295B177800655B9E /* AnswerView.swift */,
				7D76723E2961BE4C00A6BA54 /* ResultView.swift */,
				7D071E39296C06AD00656187 /* WelcomeView.swift */,
			);
			path = Views;
			sourceTree = "<group>";
		};
		7DE35AA628E1E5FF00461C4C /* Models */ = {
			isa = PBXGroup;
			children = (
				7D6F1A02292911ED00CDC9FB /* ApplicationModel */,
				7D6F1A01292911E400CDC9FB /* ServerModel */,
			);
			path = Models;
			sourceTree = "<group>";
		};
		7DE35AA728E1E60B00461C4C /* ViewModel */ = {
			isa = PBXGroup;
			children = (
				7DBF149028E4838D002F1F47 /* QuestionVM.swift */,
				7D04A351293515A1006F4E01 /* Connectivity.swift */,
			);
			path = ViewModel;
			sourceTree = "<group>";
		};
		7DE35AA828E1E63700461C4C /* Components */ = {
			isa = PBXGroup;
			children = (
				7DE35AA928E1E66100461C4C /* Extensions.swift */,
			);
			path = Components;
			sourceTree = "<group>";
		};
/* End PBXGroup section */

/* Begin PBXNativeTarget section */
		7DE35A9128E1D8FF00461C4C /* GameDemo */ = {
			isa = PBXNativeTarget;
			buildConfigurationList = 7DE35AA028E1D90000461C4C /* Build configuration list for PBXNativeTarget "GameDemo" */;
			buildPhases = (
				7DE35A8E28E1D8FF00461C4C /* Sources */,
				7DE35A8F28E1D8FF00461C4C /* Frameworks */,
				7DE35A9028E1D8FF00461C4C /* Resources */,
			);
			buildRules = (
			);
			dependencies = (
			);
			name = GameDemo;
			productName = GameDemo;
			productReference = 7DE35A9228E1D8FF00461C4C /* GameDemo.app */;
			productType = "com.apple.product-type.application";
		};
/* End PBXNativeTarget section */

/* Begin PBXProject section */
		7DE35A8A28E1D8FF00461C4C /* Project object */ = {
			isa = PBXProject;
			attributes = {
				BuildIndependentTargetsInParallel = 1;
				LastSwiftUpdateCheck = 1400;
				LastUpgradeCheck = 1400;
				TargetAttributes = {
					7DE35A9128E1D8FF00461C4C = {
						CreatedOnToolsVersion = 14.0;
					};
				};
			};
			buildConfigurationList = 7DE35A8D28E1D8FF00461C4C /* Build configuration list for PBXProject "QuizNET" */;
			compatibilityVersion = "Xcode 14.0";
			developmentRegion = en;
			hasScannedForEncodings = 0;
			knownRegions = (
				en,
				Base,
			);
			mainGroup = 7DE35A8928E1D8FF00461C4C;
			productRefGroup = 7DE35A9328E1D8FF00461C4C /* Products */;
			projectDirPath = "";
			projectRoot = "";
			targets = (
				7DE35A9128E1D8FF00461C4C /* GameDemo */,
			);
		};
/* End PBXProject section */

/* Begin PBXResourcesBuildPhase section */
		7DE35A9028E1D8FF00461C4C /* Resources */ = {
			isa = PBXResourcesBuildPhase;
			buildActionMask = 2147483647;
			files = (
				7DE35A9D28E1D90000461C4C /* Preview Assets.xcassets in Resources */,
				7DE35A9A28E1D90000461C4C /* Assets.xcassets in Resources */,
			);
			runOnlyForDeploymentPostprocessing = 0;
		};
/* End PBXResourcesBuildPhase section */

/* Begin PBXSourcesBuildPhase section */
		7DE35A8E28E1D8FF00461C4C /* Sources */ = {
			isa = PBXSourcesBuildPhase;
			buildActionMask = 2147483647;
			files = (
				7DE35A9828E1D8FF00461C4C /* ContentView.swift in Sources */,
				7DBF148F28E47BD0002F1F47 /* Question.swift in Sources */,
				7D04A352293515A1006F4E01 /* Connectivity.swift in Sources */,
				7DE35AA528E1E36D00461C4C /* QuestionView.swift in Sources */,
				7D6F1A042929126300CDC9FB /* ServerData.swift in Sources */,
				7D1C48A3295B177800655B9E /* AnswerView.swift in Sources */,
				7D6F1A0029290E4300CDC9FB /* NetworkClerk.swift in Sources */,
				7D0E0B9428E446FA0044E481 /* HomeView.swift in Sources */,
				7DE35A9628E1D8FF00461C4C /* QuizNETApp.swift in Sources */,
				7DE35AAA28E1E66100461C4C /* Extensions.swift in Sources */,
				7DBF149128E4838D002F1F47 /* QuestionVM.swift in Sources */,
				7D0E0B9628E44F200044E481 /* ProgressBar.swift in Sources */,
				7D071E3A296C06AD00656187 /* WelcomeView.swift in Sources */,
				7D76723F2961BE4C00A6BA54 /* ResultView.swift in Sources */,
				7D6F1A062929139D00CDC9FB /* ModelInterface.swift in Sources */,
				7D1E12F52971513100F92ECF /* Player.swift in Sources */,
				7DD7C10028F5835000E0814A /* PeerCollectionView.swift in Sources */,
				7DE0ABB928E8DD18008D2146 /* PersonalData.swift in Sources */,
			);
			runOnlyForDeploymentPostprocessing = 0;
		};
/* End PBXSourcesBuildPhase section */

/* Begin XCBuildConfiguration section */
		7DE35A9E28E1D90000461C4C /* Debug */ = {
			isa = XCBuildConfiguration;
			buildSettings = {
				ALWAYS_SEARCH_USER_PATHS = NO;
				CLANG_ANALYZER_NONNULL = YES;
				CLANG_ANALYZER_NUMBER_OBJECT_CONVERSION = YES_AGGRESSIVE;
				CLANG_CXX_LANGUAGE_STANDARD = "gnu++20";
				CLANG_ENABLE_MODULES = YES;
				CLANG_ENABLE_OBJC_ARC = YES;
				CLANG_ENABLE_OBJC_WEAK = YES;
				CLANG_WARN_BLOCK_CAPTURE_AUTORELEASING = YES;
				CLANG_WARN_BOOL_CONVERSION = YES;
				CLANG_WARN_COMMA = YES;
				CLANG_WARN_CONSTANT_CONVERSION = YES;
				CLANG_WARN_DEPRECATED_OBJC_IMPLEMENTATIONS = YES;
				CLANG_WARN_DIRECT_OBJC_ISA_USAGE = YES_ERROR;
				CLANG_WARN_DOCUMENTATION_COMMENTS = YES;
				CLANG_WARN_EMPTY_BODY = YES;
				CLANG_WARN_ENUM_CONVERSION = YES;
				CLANG_WARN_INFINITE_RECURSION = YES;
				CLANG_WARN_INT_CONVERSION = YES;
				CLANG_WARN_NON_LITERAL_NULL_CONVERSION = YES;
				CLANG_WARN_OBJC_IMPLICIT_RETAIN_SELF = YES;
				CLANG_WARN_OBJC_LITERAL_CONVERSION = YES;
				CLANG_WARN_OBJC_ROOT_CLASS = YES_ERROR;
				CLANG_WARN_QUOTED_INCLUDE_IN_FRAMEWORK_HEADER = YES;
				CLANG_WARN_RANGE_LOOP_ANALYSIS = YES;
				CLANG_WARN_STRICT_PROTOTYPES = YES;
				CLANG_WARN_SUSPICIOUS_MOVE = YES;
				CLANG_WARN_UNGUARDED_AVAILABILITY = YES_AGGRESSIVE;
				CLANG_WARN_UNREACHABLE_CODE = YES;
				CLANG_WARN__DUPLICATE_METHOD_MATCH = YES;
				COPY_PHASE_STRIP = NO;
				DEBUG_INFORMATION_FORMAT = dwarf;
				ENABLE_STRICT_OBJC_MSGSEND = YES;
				ENABLE_TESTABILITY = YES;
				GCC_C_LANGUAGE_STANDARD = gnu11;
				GCC_DYNAMIC_NO_PIC = NO;
				GCC_NO_COMMON_BLOCKS = YES;
				GCC_OPTIMIZATION_LEVEL = 0;
				GCC_PREPROCESSOR_DEFINITIONS = (
					"DEBUG=1",
					"$(inherited)",
				);
				GCC_WARN_64_TO_32_BIT_CONVERSION = YES;
				GCC_WARN_ABOUT_RETURN_TYPE = YES_ERROR;
				GCC_WARN_UNDECLARED_SELECTOR = YES;
				GCC_WARN_UNINITIALIZED_AUTOS = YES_AGGRESSIVE;
				GCC_WARN_UNUSED_FUNCTION = YES;
				GCC_WARN_UNUSED_VARIABLE = YES;
				IPHONEOS_DEPLOYMENT_TARGET = 16.0;
				MTL_ENABLE_DEBUG_INFO = INCLUDE_SOURCE;
				MTL_FAST_MATH = YES;
				ONLY_ACTIVE_ARCH = YES;
				SDKROOT = iphoneos;
				SWIFT_ACTIVE_COMPILATION_CONDITIONS = DEBUG;
				SWIFT_OPTIMIZATION_LEVEL = "-Onone";
			};
			name = Debug;
		};
		7DE35A9F28E1D90000461C4C /* Release */ = {
			isa = XCBuildConfiguration;
			buildSettings = {
				ALWAYS_SEARCH_USER_PATHS = NO;
				CLANG_ANALYZER_NONNULL = YES;
				CLANG_ANALYZER_NUMBER_OBJECT_CONVERSION = YES_AGGRESSIVE;
				CLANG_CXX_LANGUAGE_STANDARD = "gnu++20";
				CLANG_ENABLE_MODULES = YES;
				CLANG_ENABLE_OBJC_ARC = YES;
				CLANG_ENABLE_OBJC_WEAK = YES;
				CLANG_WARN_BLOCK_CAPTURE_AUTORELEASING = YES;
				CLANG_WARN_BOOL_CONVERSION = YES;
				CLANG_WARN_COMMA = YES;
				CLANG_WARN_CONSTANT_CONVERSION = YES;
				CLANG_WARN_DEPRECATED_OBJC_IMPLEMENTATIONS = YES;
				CLANG_WARN_DIRECT_OBJC_ISA_USAGE = YES_ERROR;
				CLANG_WARN_DOCUMENTATION_COMMENTS = YES;
				CLANG_WARN_EMPTY_BODY = YES;
				CLANG_WARN_ENUM_CONVERSION = YES;
				CLANG_WARN_INFINITE_RECURSION = YES;
				CLANG_WARN_INT_CONVERSION = YES;
				CLANG_WARN_NON_LITERAL_NULL_CONVERSION = YES;
				CLANG_WARN_OBJC_IMPLICIT_RETAIN_SELF = YES;
				CLANG_WARN_OBJC_LITERAL_CONVERSION = YES;
				CLANG_WARN_OBJC_ROOT_CLASS = YES_ERROR;
				CLANG_WARN_QUOTED_INCLUDE_IN_FRAMEWORK_HEADER = YES;
				CLANG_WARN_RANGE_LOOP_ANALYSIS = YES;
				CLANG_WARN_STRICT_PROTOTYPES = YES;
				CLANG_WARN_SUSPICIOUS_MOVE = YES;
				CLANG_WARN_UNGUARDED_AVAILABILITY = YES_AGGRESSIVE;
				CLANG_WARN_UNREACHABLE_CODE = YES;
				CLANG_WARN__DUPLICATE_METHOD_MATCH = YES;
				COPY_PHASE_STRIP = NO;
				DEBUG_INFORMATION_FORMAT = "dwarf-with-dsym";
				ENABLE_NS_ASSERTIONS = NO;
				ENABLE_STRICT_OBJC_MSGSEND = YES;
				GCC_C_LANGUAGE_STANDARD = gnu11;
				GCC_NO_COMMON_BLOCKS = YES;
				GCC_WARN_64_TO_32_BIT_CONVERSION = YES;
				GCC_WARN_ABOUT_RETURN_TYPE = YES_ERROR;
				GCC_WARN_UNDECLARED_SELECTOR = YES;
				GCC_WARN_UNINITIALIZED_AUTOS = YES_AGGRESSIVE;
				GCC_WARN_UNUSED_FUNCTION = YES;
				GCC_WARN_UNUSED_VARIABLE = YES;
				IPHONEOS_DEPLOYMENT_TARGET = 16.0;
				MTL_ENABLE_DEBUG_INFO = NO;
				MTL_FAST_MATH = YES;
				SDKROOT = iphoneos;
				SWIFT_COMPILATION_MODE = wholemodule;
				SWIFT_OPTIMIZATION_LEVEL = "-O";
				VALIDATE_PRODUCT = YES;
			};
			name = Release;
		};
		7DE35AA128E1D90000461C4C /* Debug */ = {
			isa = XCBuildConfiguration;
			buildSettings = {
				ASSETCATALOG_COMPILER_APPICON_NAME = AppIcon;
				ASSETCATALOG_COMPILER_GLOBAL_ACCENT_COLOR_NAME = AccentColor;
				CODE_SIGN_STYLE = Automatic;
				CURRENT_PROJECT_VERSION = 1;
				DEVELOPMENT_ASSET_PATHS = "\"QuizNET/Preview Content\"";
				DEVELOPMENT_TEAM = 53HA777M7Z;
				ENABLE_PREVIEWS = YES;
				GENERATE_INFOPLIST_FILE = YES;
				INFOPLIST_FILE = QuizNET/Info.plist;
				INFOPLIST_KEY_UIApplicationSceneManifest_Generation = YES;
				INFOPLIST_KEY_UIApplicationSupportsIndirectInputEvents = YES;
				INFOPLIST_KEY_UILaunchScreen_Generation = YES;
				INFOPLIST_KEY_UISupportedInterfaceOrientations_iPad = "UIInterfaceOrientationPortrait UIInterfaceOrientationPortraitUpsideDown UIInterfaceOrientationLandscapeLeft UIInterfaceOrientationLandscapeRight";
				INFOPLIST_KEY_UISupportedInterfaceOrientations_iPhone = "UIInterfaceOrientationPortrait UIInterfaceOrientationLandscapeLeft UIInterfaceOrientationLandscapeRight";
				LD_RUNPATH_SEARCH_PATHS = (
					"$(inherited)",
					"@executable_path/Frameworks",
				);
				MARKETING_VERSION = 1.0;
				PRODUCT_BUNDLE_IDENTIFIER = patrick.alves.QuizNET;
				PRODUCT_NAME = "$(TARGET_NAME)";
				SWIFT_EMIT_LOC_STRINGS = YES;
				SWIFT_VERSION = 5.0;
				TARGETED_DEVICE_FAMILY = "1,2";
			};
			name = Debug;
		};
		7DE35AA228E1D90000461C4C /* Release */ = {
			isa = XCBuildConfiguration;
			buildSettings = {
				ASSETCATALOG_COMPILER_APPICON_NAME = AppIcon;
				ASSETCATALOG_COMPILER_GLOBAL_ACCENT_COLOR_NAME = AccentColor;
				CODE_SIGN_STYLE = Automatic;
				CURRENT_PROJECT_VERSION = 1;
				DEVELOPMENT_ASSET_PATHS = "\"QuizNET/Preview Content\"";
				DEVELOPMENT_TEAM = 53HA777M7Z;
				ENABLE_PREVIEWS = YES;
				GENERATE_INFOPLIST_FILE = YES;
				INFOPLIST_FILE = QuizNET/Info.plist;
				INFOPLIST_KEY_UIApplicationSceneManifest_Generation = YES;
				INFOPLIST_KEY_UIApplicationSupportsIndirectInputEvents = YES;
				INFOPLIST_KEY_UILaunchScreen_Generation = YES;
				INFOPLIST_KEY_UISupportedInterfaceOrientations_iPad = "UIInterfaceOrientationPortrait UIInterfaceOrientationPortraitUpsideDown UIInterfaceOrientationLandscapeLeft UIInterfaceOrientationLandscapeRight";
				INFOPLIST_KEY_UISupportedInterfaceOrientations_iPhone = "UIInterfaceOrientationPortrait UIInterfaceOrientationLandscapeLeft UIInterfaceOrientationLandscapeRight";
				LD_RUNPATH_SEARCH_PATHS = (
					"$(inherited)",
					"@executable_path/Frameworks",
				);
				MARKETING_VERSION = 1.0;
				PRODUCT_BUNDLE_IDENTIFIER = patrick.alves.QuizNET;
				PRODUCT_NAME = "$(TARGET_NAME)";
				SWIFT_EMIT_LOC_STRINGS = YES;
				SWIFT_VERSION = 5.0;
				TARGETED_DEVICE_FAMILY = "1,2";
			};
			name = Release;
		};
/* End XCBuildConfiguration section */

/* Begin XCConfigurationList section */
		7DE35A8D28E1D8FF00461C4C /* Build configuration list for PBXProject "QuizNET" */ = {
			isa = XCConfigurationList;
			buildConfigurations = (
				7DE35A9E28E1D90000461C4C /* Debug */,
				7DE35A9F28E1D90000461C4C /* Release */,
			);
			defaultConfigurationIsVisible = 0;
			defaultConfigurationName = Release;
		};
		7DE35AA028E1D90000461C4C /* Build configuration list for PBXNativeTarget "GameDemo" */ = {
			isa = XCConfigurationList;
			buildConfigurations = (
				7DE35AA128E1D90000461C4C /* Debug */,
				7DE35AA228E1D90000461C4C /* Release */,
			);
			defaultConfigurationIsVisible = 0;
			defaultConfigurationName = Release;
		};
/* End XCConfigurationList section */
	};
	rootObject = 7DE35A8A28E1D8FF00461C4C /* Project object */;
}
